
Microsoft Visual Studio Solution File, Format Version 12.00
# Visual Studio Version 16
VisualStudioVersion = 16.0.30907.101
MinimumVisualStudioVersion = 10.0.40219.1
Project("{FAE04EC0-301F-11D3-BF4B-00C04F79EFBC}") = "StudentMange", "StudentMange.csproj", "{A575896F-6E69-4BB5-88EE-C92A72784266}"
EndProject
Project("{2150E333-8FDC-42A3-9474-1A3956D46DE8}") = "BLL", "BLL", "{83716FDB-CE13-4A2C-9007-A97E263A47F5}"
EndProject
Project("{FAE04EC0-301F-11D3-BF4B-00C04F79EFBC}") = "StudentBLL", "..\StudentBLL\StudentBLL.csproj", "{AE1ABE69-F604-480E-B5FC-F80F21E88B2A}"
EndProject
Project("{2150E333-8FDC-42A3-9474-1A3956D46DE8}") = "DAL", "DAL", "{FAC4A6A4-34BB-435F-853E-8C34BD0E5ECC}"
EndProject
Project("{FAE04EC0-301F-11D3-BF4B-00C04F79EFBC}") = "StudentDAL", "..\StudentDAL\StudentDAL.csproj", "{6BB59191-3222-43FF-8466-9D9798D36051}"
EndProject
Project("{FAE04EC0-301F-11D3-BF4B-00C04F79EFBC}") = "StudentIDAL", "..\StudentIDAL\StudentIDAL.csproj", "{0D60C6D3-EF9F-4278-936E-80496E1A03C1}"
EndProject
Project("{2150E333-8FDC-42A3-9474-1A3956D46DE8}") = "Models", "Models", "{40096B61-3602-4EE8-9E88-8AC60E5D3896}"
EndProject
Project("{FAE04EC0-301F-11D3-BF4B-00C04F79EFBC}") = "Models", "..\Models\Models.csproj", "{CF6E767C-9487-483B-BF61-98582B029B2A}"
EndProject
Project("{FAE04EC0-301F-11D3-BF4B-00C04F79EFBC}") = "StudentIBLL", "..\StudentIBLL\StudentIBLL.csproj", "{C2F4DE68-A46A-4634-861F-19CEE697A9BB}"
EndProject
Project("{FAE04EC0-301F-11D3-BF4B-00C04F79EFBC}") = "IBaseDAL", "..\IBaseDAL\IBaseDAL.csproj", "{C1C3F59E-FAED-4C9B-84FA-1EDCF1141407}"
EndProject
Project("{FAE04EC0-301F-11D3-BF4B-00C04F79EFBC}") = "TreeIDAL", "..\TreeIDAL\TreeIDAL.csproj", "{A53D9FC5-7107-41C2-9EF8-9CFA5AD3BA9F}"
EndProject
Project("{FAE04EC0-301F-11D3-BF4B-00C04F79EFBC}") = "TreeDAL", "..\TreeDAL\TreeDAL.csproj", "{02DF6CD9-FA81-4C52-80E0-5E0CFC688AD0}"
EndProject
Project("{FAE04EC0-301F-11D3-BF4B-00C04F79EFBC}") = "TreeIBLL", "..\TreeIBLL\TreeIBLL.csproj", "{A987F4F0-48A0-4E7D-842E-AC487E0E788A}"
EndProject
Project("{FAE04EC0-301F-11D3-BF4B-00C04F79EFBC}") = "TreeBLL", "..\TreeBLL\TreeBLL.csproj", "{2F22FC53-143A-4D14-8CAA-F32D81F73AE2}"
EndProject
Project("{FAE04EC0-301F-11D3-BF4B-00C04F79EFBC}") = "LogIDAL", "..\LogIDAL\LogIDAL.csproj", "{B3D79AB1-D7A2-4EB6-BE63-9DE100A33602}"
EndProject
Project("{FAE04EC0-301F-11D3-BF4B-00C04F79EFBC}") = "LogDAL", "..\LogDAL\LogDAL.csproj", "{112E5D73-7B0C-4720-9502-DF4ACC69E555}"
EndProject
Project("{FAE04EC0-301F-11D3-BF4B-00C04F79EFBC}") = "LogIBLL", "..\LogIBLL\LogIBLL.csproj", "{65D53209-90C3-47A4-B571-548014564BAF}"
EndProject
Project("{FAE04EC0-301F-11D3-BF4B-00C04F79EFBC}") = "LogBLL", "..\LogBLL\LogBLL.csproj", "{054B1E98-91F9-4F03-BC8D-764857939E67}"
EndProject
Project("{2150E333-8FDC-42A3-9474-1A3956D46DE8}") = "Common", "Common", "{E8BD16C7-878A-4C93-A73B-AFD24D806BAB}"
EndProject
Project("{FAE04EC0-301F-11D3-BF4B-00C04F79EFBC}") = "Common", "..\Common\Common.csproj", "{73CE2C88-51AF-4E73-8B84-DE457188D4BB}"
EndProject
Project("{FAE04EC0-301F-11D3-BF4B-00C04F79EFBC}") = "SysExceptionIDAL", "..\SysExceptionIDAL\SysExceptionIDAL.csproj", "{9D7E38E7-0BB2-4237-9326-A520EBD19B99}"
EndProject
Project("{FAE04EC0-301F-11D3-BF4B-00C04F79EFBC}") = "SysExceptionDAL", "..\SysExceptionDAL\SysExceptionDAL.csproj", "{2C07F3B1-1AE6-42A8-8E44-62D276848EE2}"
EndProject
Project("{FAE04EC0-301F-11D3-BF4B-00C04F79EFBC}") = "SysExceptionIBLL", "..\SysExceptionIBLL\SysExceptionIBLL.csproj", "{C5E03B3B-12E8-4396-8C2A-FBFD240EB785}"
EndProject
Project("{FAE04EC0-301F-11D3-BF4B-00C04F79EFBC}") = "SysExceptionBLL", "..\SysExceptionBLL\SysExceptionBLL.csproj", "{F67E4A29-98FD-4FA5-98E0-7AF03DDFEC22}"
EndProject
Project("{2150E333-8FDC-42A3-9474-1A3956D46DE8}") = "BLL.Core", "BLL.Core", "{ADA16D3A-9B11-4E34-830B-D75341D015FF}"
EndProject
Project("{FAE04EC0-301F-11D3-BF4B-00C04F79EFBC}") = "ExceptionHander", "..\ExceptionHander\ExceptionHander.csproj", "{8BBFCB99-74F4-4E66-AD80-5F346FF7C11F}"
EndProject
Global
	GlobalSection(SolutionConfigurationPlatforms) = preSolution
		Debug|Any CPU = Debug|Any CPU
		Release|Any CPU = Release|Any CPU
	EndGlobalSection
	GlobalSection(ProjectConfigurationPlatforms) = postSolution
		{A575896F-6E69-4BB5-88EE-C92A72784266}.Debug|Any CPU.ActiveCfg = Debug|Any CPU
		{A575896F-6E69-4BB5-88EE-C92A72784266}.Debug|Any CPU.Build.0 = Debug|Any CPU
		{A575896F-6E69-4BB5-88EE-C92A72784266}.Release|Any CPU.ActiveCfg = Release|Any CPU
		{A575896F-6E69-4BB5-88EE-C92A72784266}.Release|Any CPU.Build.0 = Release|Any CPU
		{AE1ABE69-F604-480E-B5FC-F80F21E88B2A}.Debug|Any CPU.ActiveCfg = Debug|Any CPU
		{AE1ABE69-F604-480E-B5FC-F80F21E88B2A}.Debug|Any CPU.Build.0 = Debug|Any CPU
		{AE1ABE69-F604-480E-B5FC-F80F21E88B2A}.Release|Any CPU.ActiveCfg = Release|Any CPU
		{AE1ABE69-F604-480E-B5FC-F80F21E88B2A}.Release|Any CPU.Build.0 = Release|Any CPU
		{6BB59191-3222-43FF-8466-9D9798D36051}.Debug|Any CPU.ActiveCfg = Debug|Any CPU
		{6BB59191-3222-43FF-8466-9D9798D36051}.Debug|Any CPU.Build.0 = Debug|Any CPU
		{6BB59191-3222-43FF-8466-9D9798D36051}.Release|Any CPU.ActiveCfg = Release|Any CPU
		{6BB59191-3222-43FF-8466-9D9798D36051}.Release|Any CPU.Build.0 = Release|Any CPU
		{0D60C6D3-EF9F-4278-936E-80496E1A03C1}.Debug|Any CPU.ActiveCfg = Debug|Any CPU
		{0D60C6D3-EF9F-4278-936E-80496E1A03C1}.Debug|Any CPU.Build.0 = Debug|Any CPU
		{0D60C6D3-EF9F-4278-936E-80496E1A03C1}.Release|Any CPU.ActiveCfg = Release|Any CPU
		{0D60C6D3-EF9F-4278-936E-80496E1A03C1}.Release|Any CPU.Build.0 = Release|Any CPU
		{CF6E767C-9487-483B-BF61-98582B029B2A}.Debug|Any CPU.ActiveCfg = Debug|Any CPU
		{CF6E767C-9487-483B-BF61-98582B029B2A}.Debug|Any CPU.Build.0 = Debug|Any CPU
		{CF6E767C-9487-483B-BF61-98582B029B2A}.Release|Any CPU.ActiveCfg = Release|Any CPU
		{CF6E767C-9487-483B-BF61-98582B029B2A}.Release|Any CPU.Build.0 = Release|Any CPU
		{C2F4DE68-A46A-4634-861F-19CEE697A9BB}.Debug|Any CPU.ActiveCfg = Debug|Any CPU
		{C2F4DE68-A46A-4634-861F-19CEE697A9BB}.Debug|Any CPU.Build.0 = Debug|Any CPU
		{C2F4DE68-A46A-4634-861F-19CEE697A9BB}.Release|Any CPU.ActiveCfg = Release|Any CPU
		{C2F4DE68-A46A-4634-861F-19CEE697A9BB}.Release|Any CPU.Build.0 = Release|Any CPU
		{C1C3F59E-FAED-4C9B-84FA-1EDCF1141407}.Debug|Any CPU.ActiveCfg = Debug|Any CPU
		{C1C3F59E-FAED-4C9B-84FA-1EDCF1141407}.Debug|Any CPU.Build.0 = Debug|Any CPU
		{C1C3F59E-FAED-4C9B-84FA-1EDCF1141407}.Release|Any CPU.ActiveCfg = Release|Any CPU
		{C1C3F59E-FAED-4C9B-84FA-1EDCF1141407}.Release|Any CPU.Build.0 = Release|Any CPU
		{A53D9FC5-7107-41C2-9EF8-9CFA5AD3BA9F}.Debug|Any CPU.ActiveCfg = Debug|Any CPU
		{A53D9FC5-7107-41C2-9EF8-9CFA5AD3BA9F}.Debug|Any CPU.Build.0 = Debug|Any CPU
		{A53D9FC5-7107-41C2-9EF8-9CFA5AD3BA9F}.Release|Any CPU.ActiveCfg = Release|Any CPU
		{A53D9FC5-7107-41C2-9EF8-9CFA5AD3BA9F}.Release|Any CPU.Build.0 = Release|Any CPU
		{02DF6CD9-FA81-4C52-80E0-5E0CFC688AD0}.Debug|Any CPU.ActiveCfg = Debug|Any CPU
		{02DF6CD9-FA81-4C52-80E0-5E0CFC688AD0}.Debug|Any CPU.Build.0 = Debug|Any CPU
		{02DF6CD9-FA81-4C52-80E0-5E0CFC688AD0}.Release|Any CPU.ActiveCfg = Release|Any CPU
		{02DF6CD9-FA81-4C52-80E0-5E0CFC688AD0}.Release|Any CPU.Build.0 = Release|Any CPU
		{A987F4F0-48A0-4E7D-842E-AC487E0E788A}.Debug|Any CPU.ActiveCfg = Debug|Any CPU
		{A987F4F0-48A0-4E7D-842E-AC487E0E788A}.Debug|Any CPU.Build.0 = Debug|Any CPU
		{A987F4F0-48A0-4E7D-842E-AC487E0E788A}.Release|Any CPU.ActiveCfg = Release|Any CPU
		{A987F4F0-48A0-4E7D-842E-AC487E0E788A}.Release|Any CPU.Build.0 = Release|Any CPU
		{2F22FC53-143A-4D14-8CAA-F32D81F73AE2}.Debug|Any CPU.ActiveCfg = Debug|Any CPU
		{2F22FC53-143A-4D14-8CAA-F32D81F73AE2}.Debug|Any CPU.Build.0 = Debug|Any CPU
		{2F22FC53-143A-4D14-8CAA-F32D81F73AE2}.Release|Any CPU.ActiveCfg = Release|Any CPU
		{2F22FC53-143A-4D14-8CAA-F32D81F73AE2}.Release|Any CPU.Build.0 = Release|Any CPU
		{B3D79AB1-D7A2-4EB6-BE63-9DE100A33602}.Debug|Any CPU.ActiveCfg = Debug|Any CPU
		{B3D79AB1-D7A2-4EB6-BE63-9DE100A33602}.Debug|Any CPU.Build.0 = Debug|Any CPU
		{B3D79AB1-D7A2-4EB6-BE63-9DE100A33602}.Release|Any CPU.ActiveCfg = Release|Any CPU
		{B3D79AB1-D7A2-4EB6-BE63-9DE100A33602}.Release|Any CPU.Build.0 = Release|Any CPU
		{112E5D73-7B0C-4720-9502-DF4ACC69E555}.Debug|Any CPU.ActiveCfg = Debug|Any CPU
		{112E5D73-7B0C-4720-9502-DF4ACC69E555}.Debug|Any CPU.Build.0 = Debug|Any CPU
		{112E5D73-7B0C-4720-9502-DF4ACC69E555}.Release|Any CPU.ActiveCfg = Release|Any CPU
		{112E5D73-7B0C-4720-9502-DF4ACC69E555}.Release|Any CPU.Build.0 = Release|Any CPU
		{65D53209-90C3-47A4-B571-548014564BAF}.Debug|Any CPU.ActiveCfg = Debug|Any CPU
		{65D53209-90C3-47A4-B571-548014564BAF}.Debug|Any CPU.Build.0 = Debug|Any CPU
		{65D53209-90C3-47A4-B571-548014564BAF}.Release|Any CPU.ActiveCfg = Release|Any CPU
		{65D53209-90C3-47A4-B571-548014564BAF}.Release|Any CPU.Build.0 = Release|Any CPU
		{054B1E98-91F9-4F03-BC8D-764857939E67}.Debug|Any CPU.ActiveCfg = Debug|Any CPU
		{054B1E98-91F9-4F03-BC8D-764857939E67}.Debug|Any CPU.Build.0 = Debug|Any CPU
		{054B1E98-91F9-4F03-BC8D-764857939E67}.Release|Any CPU.ActiveCfg = Release|Any CPU
		{054B1E98-91F9-4F03-BC8D-764857939E67}.Release|Any CPU.Build.0 = Release|Any CPU
		{73CE2C88-51AF-4E73-8B84-DE457188D4BB}.Debug|Any CPU.ActiveCfg = Debug|Any CPU
		{73CE2C88-51AF-4E73-8B84-DE457188D4BB}.Debug|Any CPU.Build.0 = Debug|Any CPU
		{73CE2C88-51AF-4E73-8B84-DE457188D4BB}.Release|Any CPU.ActiveCfg = Release|Any CPU
		{73CE2C88-51AF-4E73-8B84-DE457188D4BB}.Release|Any CPU.Build.0 = Release|Any CPU
		{9D7E38E7-0BB2-4237-9326-A520EBD19B99}.Debug|Any CPU.ActiveCfg = Debug|Any CPU
		{9D7E38E7-0BB2-4237-9326-A520EBD19B99}.Debug|Any CPU.Build.0 = Debug|Any CPU
		{9D7E38E7-0BB2-4237-9326-A520EBD19B99}.Release|Any CPU.ActiveCfg = Release|Any CPU
		{9D7E38E7-0BB2-4237-9326-A520EBD19B99}.Release|Any CPU.Build.0 = Release|Any CPU
		{2C07F3B1-1AE6-42A8-8E44-62D276848EE2}.Debug|Any CPU.ActiveCfg = Debug|Any CPU
		{2C07F3B1-1AE6-42A8-8E44-62D276848EE2}.Debug|Any CPU.Build.0 = Debug|Any CPU
		{2C07F3B1-1AE6-42A8-8E44-62D276848EE2}.Release|Any CPU.ActiveCfg = Release|Any CPU
		{2C07F3B1-1AE6-42A8-8E44-62D276848EE2}.Release|Any CPU.Build.0 = Release|Any CPU
		{C5E03B3B-12E8-4396-8C2A-FBFD240EB785}.Debug|Any CPU.ActiveCfg = Debug|Any CPU
		{C5E03B3B-12E8-4396-8C2A-FBFD240EB785}.Debug|Any CPU.Build.0 = Debug|Any CPU
		{C5E03B3B-12E8-4396-8C2A-FBFD240EB785}.Release|Any CPU.ActiveCfg = Release|Any CPU
		{C5E03B3B-12E8-4396-8C2A-FBFD240EB785}.Release|Any CPU.Build.0 = Release|Any CPU
		{F67E4A29-98FD-4FA5-98E0-7AF03DDFEC22}.Debug|Any CPU.ActiveCfg = Debug|Any CPU
		{F67E4A29-98FD-4FA5-98E0-7AF03DDFEC22}.Debug|Any CPU.Build.0 = Debug|Any CPU
		{F67E4A29-98FD-4FA5-98E0-7AF03DDFEC22}.Release|Any CPU.ActiveCfg = Release|Any CPU
		{F67E4A29-98FD-4FA5-98E0-7AF03DDFEC22}.Release|Any CPU.Build.0 = Release|Any CPU
		{8BBFCB99-74F4-4E66-AD80-5F346FF7C11F}.Debug|Any CPU.ActiveCfg = Debug|Any CPU
		{8BBFCB99-74F4-4E66-AD80-5F346FF7C11F}.Debug|Any CPU.Build.0 = Debug|Any CPU
		{8BBFCB99-74F4-4E66-AD80-5F346FF7C11F}.Release|Any CPU.ActiveCfg = Release|Any CPU
		{8BBFCB99-74F4-4E66-AD80-5F346FF7C11F}.Release|Any CPU.Build.0 = Release|Any CPU
	EndGlobalSection
	GlobalSection(SolutionProperties) = preSolution
		HideSolutionNode = FALSE
	EndGlobalSection
	GlobalSection(NestedProjects) = preSolution
		{AE1ABE69-F604-480E-B5FC-F80F21E88B2A} = {83716FDB-CE13-4A2C-9007-A97E263A47F5}
		{6BB59191-3222-43FF-8466-9D9798D36051} = {FAC4A6A4-34BB-435F-853E-8C34BD0E5ECC}
		{0D60C6D3-EF9F-4278-936E-80496E1A03C1} = {FAC4A6A4-34BB-435F-853E-8C34BD0E5ECC}
		{CF6E767C-9487-483B-BF61-98582B029B2A} = {40096B61-3602-4EE8-9E88-8AC60E5D3896}
		{C2F4DE68-A46A-4634-861F-19CEE697A9BB} = {83716FDB-CE13-4A2C-9007-A97E263A47F5}
		{C1C3F59E-FAED-4C9B-84FA-1EDCF1141407} = {FAC4A6A4-34BB-435F-853E-8C34BD0E5ECC}
		{A53D9FC5-7107-41C2-9EF8-9CFA5AD3BA9F} = {FAC4A6A4-34BB-435F-853E-8C34BD0E5ECC}
		{02DF6CD9-FA81-4C52-80E0-5E0CFC688AD0} = {FAC4A6A4-34BB-435F-853E-8C34BD0E5ECC}
		{A987F4F0-48A0-4E7D-842E-AC487E0E788A} = {83716FDB-CE13-4A2C-9007-A97E263A47F5}
		{2F22FC53-143A-4D14-8CAA-F32D81F73AE2} = {83716FDB-CE13-4A2C-9007-A97E263A47F5}
		{B3D79AB1-D7A2-4EB6-BE63-9DE100A33602} = {FAC4A6A4-34BB-435F-853E-8C34BD0E5ECC}
		{112E5D73-7B0C-4720-9502-DF4ACC69E555} = {FAC4A6A4-34BB-435F-853E-8C34BD0E5ECC}
		{65D53209-90C3-47A4-B571-548014564BAF} = {83716FDB-CE13-4A2C-9007-A97E263A47F5}
		{054B1E98-91F9-4F03-BC8D-764857939E67} = {83716FDB-CE13-4A2C-9007-A97E263A47F5}
		{73CE2C88-51AF-4E73-8B84-DE457188D4BB} = {E8BD16C7-878A-4C93-A73B-AFD24D806BAB}
		{9D7E38E7-0BB2-4237-9326-A520EBD19B99} = {FAC4A6A4-34BB-435F-853E-8C34BD0E5ECC}
		{2C07F3B1-1AE6-42A8-8E44-62D276848EE2} = {FAC4A6A4-34BB-435F-853E-8C34BD0E5ECC}
		{C5E03B3B-12E8-4396-8C2A-FBFD240EB785} = {83716FDB-CE13-4A2C-9007-A97E263A47F5}
		{F67E4A29-98FD-4FA5-98E0-7AF03DDFEC22} = {83716FDB-CE13-4A2C-9007-A97E263A47F5}
		{ADA16D3A-9B11-4E34-830B-D75341D015FF} = {83716FDB-CE13-4A2C-9007-A97E263A47F5}
		{8BBFCB99-74F4-4E66-AD80-5F346FF7C11F} = {ADA16D3A-9B11-4E34-830B-D75341D015FF}
	EndGlobalSection
	GlobalSection(ExtensibilityGlobals) = postSolution
		SolutionGuid = {7AD570BE-26DB-48E7-BB81-B6712614D257}
	EndGlobalSection
EndGlobal
